github.com/gotcp/epoll v1.3.6 h1:AtlPrGhU0pxQenI/wAchtxqgFmy+8btIHdsCJL10eB0=
github.com/gotcp/epoll v1.3.6/go.mod h1:oOyCp73SkS03HYq3ii6KjkYenCasuKl5Xl3yZXpYSdQ=
github.com/wuyongjia/hashmap v1.0.4/go.mod h1:na48ZyFhZiMmfDfoN0wkZolJojFSfyySeTq6et/GVqk=
github.com/wuyongjia/hashmap v1.0.5 h1:EO34A9sifG+JkdvGQKT/+L5abGXqBDRubTlgs2xQcag=
github.com/wuyongjia/hashmap v1.0.5/go.mod h1:na48ZyFhZiMmfDfoN0wkZolJojFSfyySeTq6et/GVqk=
github.com/wuyongjia/pool v1.0.4/go.mod h1:LSvXIqcXlHtbYLCnHd8IVBHNAAKQiMPdlAzFXKE5jtE=
github.com/wuyongjia/pool v1.0.6 h1:vr1dH2bzhocBjvdKcwiF4uRR26lPRjmpLvymKpRqqD8=
github.com/wuyongjia/pool v1.0.6/go.mod h1:DcdIaTv7byb19BkXhI3etGpMVAnFllOPStl/1k2FXyQ=
github.com/wuyongjia/threadpool v1.0.2 h1:9QTolxkYAB9ToCjxwPjIn9FoK1XHbd8n+ZzjwuBc3mA=
github.com/wuyongjia/threadpool v1.0.2/go.mod h1:iGlzWzmpKa+RJGbVTWuqJtey8pe7FdC589GdU0FeTjI=
golang.org/x/sys v0.0.0-20200808120158-1030fc2bf1d9/go.mod h1:h1NjWce9XRLGQEsW7wpKNCjG9DtNlClVuFLEZdDNbEs=
golang.org/x/sys v0.0.0-20200926100807-9d91bd62050c h1:38q6VNPWR010vN82/SB121GujZNIfAUb4YttE2rhGuc=
golang.org/x/sys v0.0.0-20200926100807-9d91bd62050c/go.mod h1:h1NjWce9XRLGQEsW7wpKNCjG9DtNlClVuFLEZdDNbEs=
